Microsoft Visual Studio Solution File, Format Version 12.00
# Visual Studio 15
VisualStudioVersion = 15.0.26124.0
MinimumVisualStudioVersion = 15.0.26124.0
Project("{9A19103F-16F7-4668-BE54-9A1E7A4F7556}") = "TodoApi", "src\TodoApi\TodoApi.csproj", "{1EC76D55-7C30-4A05-ABF6-3208F0F4A68D}"
EndProject
Project("{9A19103F-16F7-4668-BE54-9A1E7A4F7556}") = "TodoApi.Tests.Unit", "tests\TodoApi.Tests.Unit\TodoApi.Tests.Unit.csproj", "{E26CA2CB-8283-40FA-A729-9DD6FB99278C}"
EndProject
Project("{9A19103F-16F7-4668-BE54-9A1E7A4F7556}") = "TodoApi.Tests.Integration", "tests\TodoApi.Tests.Integration\TodoApi.Tests.Integration.csproj", "{FDA43DCB-F012-4D03-A5E3-25C6FE090990}"
EndProject
Project("{2150E333-8FDC-42A3-9474-1A3956D46DE8}") = "tests", "tests", "{8D25679E-C524-4080-9C26-5BBD5404DB5F}"
EndProject
Project("{9A19103F-16F7-4668-BE54-9A1E7A4F7556}") = "TodoApi.Tests.Production", "tests\TodoApi.Tests.Production\TodoApi.Tests.Production.csproj", "{AEEE69E9-768E-4423-AEC2-536AE3F3032B}"
EndProject
Project("{2150E333-8FDC-42A3-9474-1A3956D46DE8}") = "src", "src", "{0B716A41-FEA8-4641-9466-C0677EDADA9E}"
EndProject
Project("{E53339B2-1760-4266-BCC7-CA923CBCF16C}") = "docker-compose", "docker-compose.dcproj", "{E6731BB2-37F3-4332-BD85-A22937DE3325}"
EndProject
Global
	GlobalSection(SolutionConfigurationPlatforms) = preSolution
		Debug|Any CPU = Debug|Any CPU
		Debug|x64 = Debug|x64
		Debug|x86 = Debug|x86
		Release|Any CPU = Release|Any CPU
		Release|x64 = Release|x64
		Release|x86 = Release|x86
	EndGlobalSection
	GlobalSection(ProjectConfigurationPlatforms) = postSolution
		{1EC76D55-7C30-4A05-ABF6-3208F0F4A68D}.Debug|Any CPU.ActiveCfg = Debug|Any CPU
		{1EC76D55-7C30-4A05-ABF6-3208F0F4A68D}.Debug|Any CPU.Build.0 = Debug|Any CPU
		{1EC76D55-7C30-4A05-ABF6-3208F0F4A68D}.Debug|x64.ActiveCfg = Debug|Any CPU
		{1EC76D55-7C30-4A05-ABF6-3208F0F4A68D}.Debug|x64.Build.0 = Debug|Any CPU
		{1EC76D55-7C30-4A05-ABF6-3208F0F4A68D}.Debug|x86.ActiveCfg = Debug|Any CPU
		{1EC76D55-7C30-4A05-ABF6-3208F0F4A68D}.Debug|x86.Build.0 = Debug|Any CPU
		{1EC76D55-7C30-4A05-ABF6-3208F0F4A68D}.Release|Any CPU.ActiveCfg = Release|Any CPU
		{1EC76D55-7C30-4A05-ABF6-3208F0F4A68D}.Release|Any CPU.Build.0 = Release|Any CPU
		{1EC76D55-7C30-4A05-ABF6-3208F0F4A68D}.Release|x64.ActiveCfg = Release|Any CPU
		{1EC76D55-7C30-4A05-ABF6-3208F0F4A68D}.Release|x64.Build.0 = Release|Any CPU
		{1EC76D55-7C30-4A05-ABF6-3208F0F4A68D}.Release|x86.ActiveCfg = Release|Any CPU
		{1EC76D55-7C30-4A05-ABF6-3208F0F4A68D}.Release|x86.Build.0 = Release|Any CPU
		{E26CA2CB-8283-40FA-A729-9DD6FB99278C}.Debug|Any CPU.ActiveCfg = Debug|Any CPU
		{E26CA2CB-8283-40FA-A729-9DD6FB99278C}.Debug|Any CPU.Build.0 = Debug|Any CPU
		{E26CA2CB-8283-40FA-A729-9DD6FB99278C}.Debug|x64.ActiveCfg = Debug|Any CPU
		{E26CA2CB-8283-40FA-A729-9DD6FB99278C}.Debug|x64.Build.0 = Debug|Any CPU
		{E26CA2CB-8283-40FA-A729-9DD6FB99278C}.Debug|x86.ActiveCfg = Debug|Any CPU
		{E26CA2CB-8283-40FA-A729-9DD6FB99278C}.Debug|x86.Build.0 = Debug|Any CPU
		{E26CA2CB-8283-40FA-A729-9DD6FB99278C}.Release|Any CPU.ActiveCfg = Release|Any CPU
		{E26CA2CB-8283-40FA-A729-9DD6FB99278C}.Release|Any CPU.Build.0 = Release|Any CPU
		{E26CA2CB-8283-40FA-A729-9DD6FB99278C}.Release|x64.ActiveCfg = Release|Any CPU
		{E26CA2CB-8283-40FA-A729-9DD6FB99278C}.Release|x64.Build.0 = Release|Any CPU
		{E26CA2CB-8283-40FA-A729-9DD6FB99278C}.Release|x86.ActiveCfg = Release|Any CPU
		{E26CA2CB-8283-40FA-A729-9DD6FB99278C}.Release|x86.Build.0 = Release|Any CPU
		{FDA43DCB-F012-4D03-A5E3-25C6FE090990}.Debug|Any CPU.ActiveCfg = Debug|Any CPU
		{FDA43DCB-F012-4D03-A5E3-25C6FE090990}.Debug|Any CPU.Build.0 = Debug|Any CPU
		{FDA43DCB-F012-4D03-A5E3-25C6FE090990}.Debug|x64.ActiveCfg = Debug|Any CPU
		{FDA43DCB-F012-4D03-A5E3-25C6FE090990}.Debug|x64.Build.0 = Debug|Any CPU
		{FDA43DCB-F012-4D03-A5E3-25C6FE090990}.Debug|x86.ActiveCfg = Debug|Any CPU
		{FDA43DCB-F012-4D03-A5E3-25C6FE090990}.Debug|x86.Build.0 = Debug|Any CPU
		{FDA43DCB-F012-4D03-A5E3-25C6FE090990}.Release|Any CPU.ActiveCfg = Release|Any CPU
		{FDA43DCB-F012-4D03-A5E3-25C6FE090990}.Release|Any CPU.Build.0 = Release|Any CPU
		{FDA43DCB-F012-4D03-A5E3-25C6FE090990}.Release|x64.ActiveCfg = Release|Any CPU
		{FDA43DCB-F012-4D03-A5E3-25C6FE090990}.Release|x64.Build.0 = Release|Any CPU
		{FDA43DCB-F012-4D03-A5E3-25C6FE090990}.Release|x86.ActiveCfg = Release|Any CPU
		{FDA43DCB-F012-4D03-A5E3-25C6FE090990}.Release|x86.Build.0 = Release|Any CPU
		{AEEE69E9-768E-4423-AEC2-536AE3F3032B}.Debug|Any CPU.ActiveCfg = Debug|Any CPU
		{AEEE69E9-768E-4423-AEC2-536AE3F3032B}.Debug|Any CPU.Build.0 = Debug|Any CPU
		{AEEE69E9-768E-4423-AEC2-536AE3F3032B}.Debug|x64.ActiveCfg = Debug|Any CPU
		{AEEE69E9-768E-4423-AEC2-536AE3F3032B}.Debug|x64.Build.0 = Debug|Any CPU
		{AEEE69E9-768E-4423-AEC2-536AE3F3032B}.Debug|x86.ActiveCfg = Debug|Any CPU
		{AEEE69E9-768E-4423-AEC2-536AE3F3032B}.Debug|x86.Build.0 = Debug|Any CPU
		{AEEE69E9-768E-4423-AEC2-536AE3F3032B}.Release|Any CPU.ActiveCfg = Release|Any CPU
		{AEEE69E9-768E-4423-AEC2-536AE3F3032B}.Release|Any CPU.Build.0 = Release|Any CPU
		{AEEE69E9-768E-4423-AEC2-536AE3F3032B}.Release|x64.ActiveCfg = Release|Any CPU
		{AEEE69E9-768E-4423-AEC2-536AE3F3032B}.Release|x64.Build.0 = Release|Any CPU
		{AEEE69E9-768E-4423-AEC2-536AE3F3032B}.Release|x86.ActiveCfg = Release|Any CPU
		{AEEE69E9-768E-4423-AEC2-536AE3F3032B}.Release|x86.Build.0 = Release|Any CPU
		{E6731BB2-37F3-4332-BD85-A22937DE3325}.Debug|Any CPU.ActiveCfg = Debug|Any CPU
		{E6731BB2-37F3-4332-BD85-A22937DE3325}.Debug|Any CPU.Build.0 = Debug|Any CPU
		{E6731BB2-37F3-4332-BD85-A22937DE3325}.Debug|x64.ActiveCfg = Debug|Any CPU
		{E6731BB2-37F3-4332-BD85-A22937DE3325}.Debug|x64.Build.0 = Debug|Any CPU
		{E6731BB2-37F3-4332-BD85-A22937DE3325}.Debug|x86.ActiveCfg = Debug|Any CPU
		{E6731BB2-37F3-4332-BD85-A22937DE3325}.Debug|x86.Build.0 = Debug|Any CPU
		{E6731BB2-37F3-4332-BD85-A22937DE3325}.Release|Any CPU.ActiveCfg = Release|Any CPU
		{E6731BB2-37F3-4332-BD85-A22937DE3325}.Release|Any CPU.Build.0 = Release|Any CPU
		{E6731BB2-37F3-4332-BD85-A22937DE3325}.Release|x64.ActiveCfg = Release|Any CPU
		{E6731BB2-37F3-4332-BD85-A22937DE3325}.Release|x64.Build.0 = Release|Any CPU
		{E6731BB2-37F3-4332-BD85-A22937DE3325}.Release|x86.ActiveCfg = Release|Any CPU
		{E6731BB2-37F3-4332-BD85-A22937DE3325}.Release|x86.Build.0 = Release|Any CPU
	EndGlobalSection
	GlobalSection(SolutionProperties) = preSolution
		HideSolutionNode = FALSE
	EndGlobalSection
	GlobalSection(NestedProjects) = preSolution
		{1EC76D55-7C30-4A05-ABF6-3208F0F4A68D} = {0B716A41-FEA8-4641-9466-C0677EDADA9E}
		{E26CA2CB-8283-40FA-A729-9DD6FB99278C} = {8D25679E-C524-4080-9C26-5BBD5404DB5F}
		{FDA43DCB-F012-4D03-A5E3-25C6FE090990} = {8D25679E-C524-4080-9C26-5BBD5404DB5F}
		{AEEE69E9-768E-4423-AEC2-536AE3F3032B} = {8D25679E-C524-4080-9C26-5BBD5404DB5F}
	EndGlobalSection
	GlobalSection(ExtensibilityGlobals) = postSolution
		SolutionGuid = {06EB1D41-C28E-4B14-82CB-567032B04B86}
	EndGlobalSection
EndGlobal
